// !$*UTF8*$!
{
	archiveVersion = 1;
	classes = {
	};
	objectVersion = 50;
	objects = {

/* Begin PBXBuildFile section */
		2937E566211A1FDF0053DB98 /* AppDelegate.swift in Sources */ = {isa = PBXBuildFile; fileRef = 2937E565211A1FDF0053DB98 /* AppDelegate.swift */; };
		2937E568211A1FDF0053DB98 /* ViewController.swift in Sources */ = {isa = PBXBuildFile; fileRef = 2937E567211A1FDF0053DB98 /* ViewController.swift */; };
		2937E56B211A1FDF0053DB98 /* Main.storyboard in Resources */ = {isa = PBXBuildFile; fileRef = 2937E569211A1FDF0053DB98 /* Main.storyboard */; };
		2937E56D211A1FE10053DB98 /* Assets.xcassets in Resources */ = {isa = PBXBuildFile; fileRef = 2937E56C211A1FE10053DB98 /* Assets.xcassets */; };
		2937E570211A1FE10053DB98 /* LaunchScreen.storyboard in Resources */ = {isa = PBXBuildFile; fileRef = 2937E56E211A1FE10053DB98 /* LaunchScreen.storyboard */; };
		2937E57B211A1FE10053DB98 /* LamOrdTests.swift in Sources */ = {isa = PBXBuildFile; fileRef = 2937E57A211A1FE10053DB98 /* LamOrdTests.swift */; };
		2937E586211A1FE10053DB98 /* LamOrdUITests.swift in Sources */ = {isa = PBXBuildFile; fileRef = 2937E585211A1FE10053DB98 /* LamOrdUITests.swift */; };
/* End PBXBuildFile section */

/* Begin PBXContainerItemProxy section */
		2937E577211A1FE10053DB98 /* PBXContainerItemProxy */ = {
			isa = PBXContainerItemProxy;
			containerPortal = 2937E55A211A1FDF0053DB98 /* Project object */;
			proxyType = 1;
			remoteGlobalIDString = 2937E561211A1FDF0053DB98;
			remoteInfo = LamOrd;
		};
		2937E582211A1FE10053DB98 /* PBXContainerItemProxy */ = {
			isa = PBXContainerItemProxy;
			containerPortal = 2937E55A211A1FDF0053DB98 /* Project object */;
			proxyType = 1;
			remoteGlobalIDString = 2937E561211A1FDF0053DB98;
			remoteInfo = LamOrd;
		};
/* End PBXContainerItemProxy section */

/* Begin PBXFileReference section */
		2937E562211A1FDF0053DB98 /* LamOrd.app */ = {isa = PBXFileReference; explicitFileType = wrapper.application; includeInIndex = 0; path = LamOrd.app; sourceTree = BUILT_PRODUCTS_DIR; };
		2937E565211A1FDF0053DB98 /* AppDelegate.swift */ = {isa = PBXFileReference; lastKnownFileType = sourcecode.swift; path = AppDelegate.swift; sourceTree = "<group>"; };
		2937E567211A1FDF0053DB98 /* ViewController.swift */ = {isa = PBXFileReference; lastKnownFileType = sourcecode.swift; path = ViewController.swift; sourceTree = "<group>"; };
		2937E56A211A1FDF0053DB98 /* Base */ = {isa = PBXFileReference; lastKnownFileType = file.storyboard; name = Base; path = Base.lproj/Main.storyboard; sourceTree = "<group>"; };
		2937E56C211A1FE10053DB98 /* Assets.xcassets */ = {isa = PBXFileReference; lastKnownFileType = folder.assetcatalog; path = Assets.xcassets; sourceTree = "<group>"; };
		2937E56F211A1FE10053DB98 /* Base */ = {isa = PBXFileReference; lastKnownFileType = file.storyboard; name = Base; path = Base.lproj/LaunchScreen.storyboard; sourceTree = "<group>"; };
		2937E571211A1FE10053DB98 /* Info.plist */ = {isa = PBXFileReference; lastKnownFileType = text.plist.xml; path = Info.plist; sourceTree = "<group>"; };
		2937E576211A1FE10053DB98 /* LamOrdTests.xctest */ = {isa = PBXFileReference; explicitFileType = wrapper.cfbundle; includeInIndex = 0; path = LamOrdTests.xctest; sourceTree = BUILT_PRODUCTS_DIR; };
		2937E57A211A1FE10053DB98 /* LamOrdTests.swift */ = {isa = PBXFileReference; lastKnownFileType = sourcecode.swift; path = LamOrdTests.swift; sourceTree = "<group>"; };
		2937E57C211A1FE10053DB98 /* Info.plist */ = {isa = PBXFileReference; lastKnownFileType = text.plist.xml; path = Info.plist; sourceTree = "<group>"; };
		2937E581211A1FE10053DB98 /* LamOrdUITests.xctest */ = {isa = PBXFileReference; explicitFileType = wrapper.cfbundle; includeInIndex = 0; path = LamOrdUITests.xctest; sourceTree = BUILT_PRODUCTS_DIR; };
		2937E585211A1FE10053DB98 /* LamOrdUITests.swift */ = {isa = PBXFileReference; lastKnownFileType = sourcecode.swift; path = LamOrdUITests.swift; sourceTree = "<group>"; };
		2937E587211A1FE10053DB98 /* Info.plist */ = {isa = PBXFileReference; lastKnownFileType = text.plist.xml; path = Info.plist; sourceTree = "<group>"; };
/* End PBXFileReference section */

/* Begin PBXFrameworksBuildPhase section */
		2937E55F211A1FDF0053DB98 /* Frameworks */ = {
			isa = PBXFrameworksBuildPhase;
			buildActionMask = 2147483647;
			files = (
			);
			runOnlyForDeploymentPostprocessing = 0;
		};
		2937E573211A1FE10053DB98 /* Frameworks */ = {
			isa = PBXFrameworksBuildPhase;
			buildActionMask = 2147483647;
			files = (
			);
			runOnlyForDeploymentPostprocessing = 0;
		};
		2937E57E211A1FE10053DB98 /* Frameworks */ = {
			isa = PBXFrameworksBuildPhase;
			buildActionMask = 2147483647;
			files = (
			);
			runOnlyForDeploymentPostprocessing = 0;
		};
/* End PBXFrameworksBuildPhase section */

/* Begin PBXGroup section */
		2937E559211A1FDF0053DB98 = {
			isa = PBXGroup;
			children = (
				2937E564211A1FDF0053DB98 /* LamOrd */,
				2937E579211A1FE10053DB98 /* LamOrdTests */,
				2937E584211A1FE10053DB98 /* LamOrdUITests */,
				2937E563211A1FDF0053DB98 /* Products */,
			);
			sourceTree = "<group>";
		};
		2937E563211A1FDF0053DB98 /* Products */ = {
			isa = PBXGroup;
			children = (
				2937E562211A1FDF0053DB98 /* LamOrd.app */,
				2937E576211A1FE10053DB98 /* LamOrdTests.xctest */,
				2937E581211A1FE10053DB98 /* LamOrdUITests.xctest */,
			);
			name = Products;
			sourceTree = "<group>";
		};
		2937E564211A1FDF0053DB98 /* LamOrd */ = {
			isa = PBXGroup;
			children = (
				2937E565211A1FDF0053DB98 /* AppDelegate.swift */,
				2937E567211A1FDF0053DB98 /* ViewController.swift */,
				2937E569211A1FDF0053DB98 /* Main.storyboard */,
				2937E56C211A1FE10053DB98 /* Assets.xcassets */,
				2937E56E211A1FE10053DB98 /* LaunchScreen.storyboard */,
				2937E571211A1FE10053DB98 /* Info.plist */,
			);
			path = LamOrd;
			sourceTree = "<group>";
		};
		2937E579211A1FE10053DB98 /* LamOrdTests */ = {
			isa = PBXGroup;
			children = (
				2937E57A211A1FE10053DB98 /* LamOrdTests.swift */,
				2937E57C211A1FE10053DB98 /* Info.plist */,
			);
			path = LamOrdTests;
			sourceTree = "<group>";
		};
		2937E584211A1FE10053DB98 /* LamOrdUITests */ = {
			isa = PBXGroup;
			children = (
				2937E585211A1FE10053DB98 /* LamOrdUITests.swift */,
				2937E587211A1FE10053DB98 /* Info.plist */,
			);
			path = LamOrdUITests;
			sourceTree = "<group>";
		};
/* End PBXGroup section */

/* Begin PBXNativeTarget section */
		2937E561211A1FDF0053DB98 /* LamOrd */ = {
			isa = PBXNativeTarget;
			buildConfigurationList = 2937E58A211A1FE10053DB98 /* Build configuration list for PBXNativeTarget "LamOrd" */;
			buildPhases = (
				2937E55E211A1FDF0053DB98 /* Sources */,
				2937E55F211A1FDF0053DB98 /* Frameworks */,
				2937E560211A1FDF0053DB98 /* Resources */,
			);
			buildRules = (
			);
			dependencies = (
			);
			name = LamOrd;
			productName = LamOrd;
			productReference = 2937E562211A1FDF0053DB98 /* LamOrd.app */;
			productType = "com.apple.product-type.application";
		};
		2937E575211A1FE10053DB98 /* LamOrdTests */ = {
			isa = PBXNativeTarget;
			buildConfigurationList = 2937E58D211A1FE10053DB98 /* Build configuration list for PBXNativeTarget "LamOrdTests" */;
			buildPhases = (
				2937E572211A1FE10053DB98 /* Sources */,
				2937E573211A1FE10053DB98 /* Frameworks */,
				2937E574211A1FE10053DB98 /* Resources */,
			);
			buildRules = (
			);
			dependencies = (
				2937E578211A1FE10053DB98 /* PBXTargetDependency */,
			);
			name = LamOrdTests;
			productName = LamOrdTests;
			productReference = 2937E576211A1FE10053DB98 /* LamOrdTests.xctest */;
			productType = "com.apple.product-type.bundle.unit-test";
		};
		2937E580211A1FE10053DB98 /* LamOrdUITests */ = {
			isa = PBXNativeTarget;
			buildConfigurationList = 2937E590211A1FE10053DB98 /* Build configuration list for PBXNativeTarget "LamOrdUITests" */;
			buildPhases = (
				2937E57D211A1FE10053DB98 /* Sources */,
				2937E57E211A1FE10053DB98 /* Frameworks */,
				2937E57F211A1FE10053DB98 /* Resources */,
			);
			buildRules = (
			);
			dependencies = (
				2937E583211A1FE10053DB98 /* PBXTargetDependency */,
			);
			name = LamOrdUITests;
			productName = LamOrdUITests;
			productReference = 2937E581211A1FE10053DB98 /* LamOrdUITests.xctest */;
			productType = "com.apple.product-type.bundle.ui-testing";
		};
/* End PBXNativeTarget section */

/* Begin PBXProject section */
		2937E55A211A1FDF0053DB98 /* Project object */ = {
			isa = PBXProject;
			attributes = {
				LastSwiftUpdateCheck = 0940;
				LastUpgradeCheck = 0940;
				ORGANIZATIONNAME = "Stian Andreassen";
				TargetAttributes = {
					2937E561211A1FDF0053DB98 = {
						CreatedOnToolsVersion = 9.4.1;
					};
					2937E575211A1FE10053DB98 = {
						CreatedOnToolsVersion = 9.4.1;
						TestTargetID = 2937E561211A1FDF0053DB98;
					};
					2937E580211A1FE10053DB98 = {
						CreatedOnToolsVersion = 9.4.1;
						TestTargetID = 2937E561211A1FDF0053DB98;
					};
				};
			};
			buildConfigurationList = 2937E55D211A1FDF0053DB98 /* Build configuration list for PBXProject "LamOrd" */;
			compatibilityVersion = "Xcode 9.3";
			developmentRegion = en;
			hasScannedForEncodings = 0;
			knownRegions = (
				en,
				Base,
			);
			mainGroup = 2937E559211A1FDF0053DB98;
			productRefGroup = 2937E563211A1FDF0053DB98 /* Products */;
			projectDirPath = "";
			projectRoot = "";
			targets = (
				2937E561211A1FDF0053DB98 /* LamOrd */,
				2937E575211A1FE10053DB98 /* LamOrdTests */,
				2937E580211A1FE10053DB98 /* LamOrdUITests */,
			);
		};
/* End PBXProject section */

/* Begin PBXResourcesBuildPhase section */
		2937E560211A1FDF0053DB98 /* Resources */ = {
			isa = PBXResourcesBuildPhase;
			buildActionMask = 2147483647;
			files = (
				2937E570211A1FE10053DB98 /* LaunchScreen.storyboard in Resources */,
				2937E56D211A1FE10053DB98 /* Assets.xcassets in Resources */,
				2937E56B211A1FDF0053DB98 /* Main.storyboard in Resources */,
			);
			runOnlyForDeploymentPostprocessing = 0;
		};
		2937E574211A1FE10053DB98 /* Resources */ = {
			isa = PBXResourcesBuildPhase;
			buildActionMask = 2147483647;
			files = (
			);
			runOnlyForDeploymentPostprocessing = 0;
		};
		2937E57F211A1FE10053DB98 /* Resources */ = {
			isa = PBXResourcesBuildPhase;
			buildActionMask = 2147483647;
			files = (
			);
			runOnlyForDeploymentPostprocessing = 0;
		};
/* End PBXResourcesBuildPhase section */

/* Begin PBXSourcesBuildPhase section */
		2937E55E211A1FDF0053DB98 /* Sources */ = {
			isa = PBXSourcesBuildPhase;
			buildActionMask = 2147483647;
			files = (
				2937E568211A1FDF0053DB98 /* ViewController.swift in Sources */,
				2937E566211A1FDF0053DB98 /* AppDelegate.swift in Sources */,
			);
			runOnlyForDeploymentPostprocessing = 0;
		};
		2937E572211A1FE10053DB98 /* Sources */ = {
			isa = PBXSourcesBuildPhase;
			buildActionMask = 2147483647;
			files = (
				2937E57B211A1FE10053DB98 /* LamOrdTests.swift in Sources */,
			);
			runOnlyForDeploymentPostprocessing = 0;
		};
		2937E57D211A1FE10053DB98 /* Sources */ = {
			isa = PBXSourcesBuildPhase;
			buildActionMask = 2147483647;
			files = (
				2937E586211A1FE10053DB98 /* LamOrdUITests.swift in Sources */,
			);
			runOnlyForDeploymentPostprocessing = 0;
		};
/* End PBXSourcesBuildPhase section */

/* Begin PBXTargetDependency section */
		2937E578211A1FE10053DB98 /* PBXTargetDependency */ = {
			isa = PBXTargetDependency;
			target = 2937E561211A1FDF0053DB98 /* LamOrd */;
			targetProxy = 2937E577211A1FE10053DB98 /* PBXContainerItemProxy */;
		};
		2937E583211A1FE10053DB98 /* PBXTargetDependency */ = {
			isa = PBXTargetDependency;
			target = 2937E561211A1FDF0053DB98 /* LamOrd */;
			targetProxy = 2937E582211A1FE10053DB98 /* PBXContainerItemProxy */;
		};
/* End PBXTargetDependency section */

/* Begin PBXVariantGroup section */
		2937E569211A1FDF0053DB98 /* Main.storyboard */ = {
			isa = PBXVariantGroup;
			children = (
				2937E56A211A1FDF0053DB98 /* Base */,
			);
			name = Main.storyboard;
			sourceTree = "<group>";
		};
		2937E56E211A1FE10053DB98 /* LaunchScreen.storyboard */ = {
			isa = PBXVariantGroup;
			children = (
				2937E56F211A1FE10053DB98 /* Base */,
			);
			name = LaunchScreen.storyboard;
			sourceTree = "<group>";
		};
/* End PBXVariantGroup section */

/* Begin XCBuildConfiguration section */
		2937E588211A1FE10053DB98 /* Debug */ = {
			isa = XCBuildConfiguration;
			buildSettings = {
				ALWAYS_SEARCH_USER_PATHS = NO;
				CLANG_ANALYZER_NONNULL = YES;
				CLANG_ANALYZER_NUMBER_OBJECT_CONVERSION = YES_AGGRESSIVE;
				CLANG_CXX_LANGUAGE_STANDARD = "gnu++14";
				CLANG_CXX_LIBRARY = "libc++";
				CLANG_ENABLE_MODULES = YES;
				CLANG_ENABLE_OBJC_ARC = YES;
				CLANG_ENABLE_OBJC_WEAK = YES;
				CLANG_WARN_BLOCK_CAPTURE_AUTORELEASING = YES;
				CLANG_WARN_BOOL_CONVERSION = YES;
				CLANG_WARN_COMMA = YES;
				CLANG_WARN_CONSTANT_CONVERSION = YES;
				CLANG_WARN_DEPRECATED_OBJC_IMPLEMENTATIONS = YES;
				CLANG_WARN_DIRECT_OBJC_ISA_USAGE = YES_ERROR;
				CLANG_WARN_DOCUMENTATION_COMMENTS = YES;
				CLANG_WARN_EMPTY_BODY = YES;
				CLANG_WARN_ENUM_CONVERSION = YES;
				CLANG_WARN_INFINITE_RECURSION = YES;
				CLANG_WARN_INT_CONVERSION = YES;
				CLANG_WARN_NON_LITERAL_NULL_CONVERSION = YES;
				CLANG_WARN_OBJC_IMPLICIT_RETAIN_SELF = YES;
				CLANG_WARN_OBJC_LITERAL_CONVERSION = YES;
				CLANG_WARN_OBJC_ROOT_CLASS = YES_ERROR;
				CLANG_WARN_RANGE_LOOP_ANALYSIS = YES;
				CLANG_WARN_STRICT_PROTOTYPES = YES;
				CLANG_WARN_SUSPICIOUS_MOVE = YES;
				CLANG_WARN_UNGUARDED_AVAILABILITY = YES_AGGRESSIVE;
				CLANG_WARN_UNREACHABLE_CODE = YES;
				CLANG_WARN__DUPLICATE_METHOD_MATCH = YES;
				CODE_SIGN_IDENTITY = "iPhone Developer";
				COPY_PHASE_STRIP = NO;
				DEBUG_INFORMATION_FORMAT = dwarf;
				ENABLE_STRICT_OBJC_MSGSEND = YES;
				ENABLE_TESTABILITY = YES;
				GCC_C_LANGUAGE_STANDARD = gnu11;
				GCC_DYNAMIC_NO_PIC = NO;
				GCC_NO_COMMON_BLOCKS = YES;
				GCC_OPTIMIZATION_LEVEL = 0;
				GCC_PREPROCESSOR_DEFINITIONS = (
					"DEBUG=1",
					"$(inherited)",
				);
				GCC_WARN_64_TO_32_BIT_CONVERSION = YES;
				GCC_WARN_ABOUT_RETURN_TYPE = YES_ERROR;
				GCC_WARN_UNDECLARED_SELECTOR = YES;
				GCC_WARN_UNINITIALIZED_AUTOS = YES_AGGRESSIVE;
				GCC_WARN_UNUSED_FUNCTION = YES;
				GCC_WARN_UNUSED_VARIABLE = YES;
				IPHONEOS_DEPLOYMENT_TARGET = 11.4;
				MTL_ENABLE_DEBUG_INFO = YES;
				ONLY_ACTIVE_ARCH = YES;
				SDKROOT = iphoneos;
				SWIFT_ACTIVE_COMPILATION_CONDITIONS = DEBUG;
				SWIFT_OPTIMIZATION_LEVEL = "-Onone";
			};
			name = Debug;
		};
		2937E589211A1FE10053DB98 /* Release */ = {
			isa = XCBuildConfiguration;
			buildSettings = {
				ALWAYS_SEARCH_USER_PATHS = NO;
				CLANG_ANALYZER_NONNULL = YES;
				CLANG_ANALYZER_NUMBER_OBJECT_CONVERSION = YES_AGGRESSIVE;
				CLANG_CXX_LANGUAGE_STANDARD = "gnu++14";
				CLANG_CXX_LIBRARY = "libc++";
				CLANG_ENABLE_MODULES = YES;
				CLANG_ENABLE_OBJC_ARC = YES;
				CLANG_ENABLE_OBJC_WEAK = YES;
				CLANG_WARN_BLOCK_CAPTURE_AUTORELEASING = YES;
				CLANG_WARN_BOOL_CONVERSION = YES;
				CLANG_WARN_COMMA = YES;
				CLANG_WARN_CONSTANT_CONVERSION = YES;
				CLANG_WARN_DEPRECATED_OBJC_IMPLEMENTATIONS = YES;
				CLANG_WARN_DIRECT_OBJC_ISA_USAGE = YES_ERROR;
				CLANG_WARN_DOCUMENTATION_COMMENTS = YES;
				CLANG_WARN_EMPTY_BODY = YES;
				CLANG_WARN_ENUM_CONVERSION = YES;
				CLANG_WARN_INFINITE_RECURSION = YES;
				CLANG_WARN_INT_CONVERSION = YES;
				CLANG_WARN_NON_LITERAL_NULL_CONVERSION = YES;
				CLANG_WARN_OBJC_IMPLICIT_RETAIN_SELF = YES;
				CLANG_WARN_OBJC_LITERAL_CONVERSION = YES;
				CLANG_WARN_OBJC_ROOT_CLASS = YES_ERROR;
				CLANG_WARN_RANGE_LOOP_ANALYSIS = YES;
				CLANG_WARN_STRICT_PROTOTYPES = YES;
				CLANG_WARN_SUSPICIOUS_MOVE = YES;
				CLANG_WARN_UNGUARDED_AVAILABILITY = YES_AGGRESSIVE;
				CLANG_WARN_UNREACHABLE_CODE = YES;
				CLANG_WARN__DUPLICATE_METHOD_MATCH = YES;
				CODE_SIGN_IDENTITY = "iPhone Developer";
				COPY_PHASE_STRIP = NO;
				DEBUG_INFORMATION_FORMAT = "dwarf-with-dsym";
				ENABLE_NS_ASSERTIONS = NO;
				ENABLE_STRICT_OBJC_MSGSEND = YES;
				GCC_C_LANGUAGE_STANDARD = gnu11;
				GCC_NO_COMMON_BLOCKS = YES;
				GCC_WARN_64_TO_32_BIT_CONVERSION = YES;
				GCC_WARN_ABOUT_RETURN_TYPE = YES_ERROR;
				GCC_WARN_UNDECLARED_SELECTOR = YES;
				GCC_WARN_UNINITIALIZED_AUTOS = YES_AGGRESSIVE;
				GCC_WARN_UNUSED_FUNCTION = YES;
				GCC_WARN_UNUSED_VARIABLE = YES;
				IPHONEOS_DEPLOYMENT_TARGET = 11.4;
				MTL_ENABLE_DEBUG_INFO = NO;
				SDKROOT = iphoneos;
				SWIFT_COMPILATION_MODE = wholemodule;
				SWIFT_OPTIMIZATION_LEVEL = "-O";
				VALIDATE_PRODUCT = YES;
			};
			name = Release;
		};
		2937E58B211A1FE10053DB98 /* Debug */ = {
			isa = XCBuildConfiguration;
			buildSettings = {
				ASSETCATALOG_COMPILER_APPICON_NAME = AppIcon;
				CODE_SIGN_STYLE = Automatic;
				INFOPLIST_FILE = LamOrd/Info.plist;
				LD_RUNPATH_SEARCH_PATHS = (
					"$(inherited)",
					"@executable_path/Frameworks",
				);
				PRODUCT_BUNDLE_IDENTIFIER = "Lambda-Teknikk.LamOrd";
				PRODUCT_NAME = "$(TARGET_NAME)";
				SWIFT_VERSION = 4.0;
				TARGETED_DEVICE_FAMILY = "1,2";
			};
			name = Debug;
		};
		2937E58C211A1FE10053DB98 /* Release */ = {
			isa = XCBuildConfiguration;
			buildSettings = {
				ASSETCATALOG_COMPILER_APPICON_NAME = AppIcon;
				CODE_SIGN_STYLE = Automatic;
				INFOPLIST_FILE = LamOrd/Info.plist;
				LD_RUNPATH_SEARCH_PATHS = (
					"$(inherited)",
					"@executable_path/Frameworks",
				);
				PRODUCT_BUNDLE_IDENTIFIER = "Lambda-Teknikk.LamOrd";
				PRODUCT_NAME = "$(TARGET_NAME)";
				SWIFT_VERSION = 4.0;
				TARGETED_DEVICE_FAMILY = "1,2";
			};
			name = Release;
		};
		2937E58E211A1FE10053DB98 /* Debug */ = {
			isa = XCBuildConfiguration;
			buildSettings = {
				ALWAYS_EMBED_SWIFT_STANDARD_LIBRARIES = YES;
				BUNDLE_LOADER = "$(TEST_HOST)";
				CODE_SIGN_STYLE = Automatic;
				INFOPLIST_FILE = LamOrdTests/Info.plist;
				LD_RUNPATH_SEARCH_PATHS = (
					"$(inherited)",
					"@executable_path/Frameworks",
					"@loader_path/Frameworks",
				);
				PRODUCT_BUNDLE_IDENTIFIER = "Lambda-Teknikk.LamOrdTests";
				PRODUCT_NAME = "$(TARGET_NAME)";
				SWIFT_VERSION = 4.0;
				TARGETED_DEVICE_FAMILY = "1,2";
				TEST_HOST = "$(BUILT_PRODUCTS_DIR)/LamOrd.app/LamOrd";
			};
			name = Debug;
		};
		2937E58F211A1FE10053DB98 /* Release */ = {
			isa = XCBuildConfiguration;
			buildSettings = {
				ALWAYS_EMBED_SWIFT_STANDARD_LIBRARIES = YES;
				BUNDLE_LOADER = "$(TEST_HOST)";
				CODE_SIGN_STYLE = Automatic;
				INFOPLIST_FILE = LamOrdTests/Info.plist;
				LD_RUNPATH_SEARCH_PATHS = (
					"$(inherited)",
					"@executable_path/Frameworks",
					"@loader_path/Frameworks",
				);
				PRODUCT_BUNDLE_IDENTIFIER = "Lambda-Teknikk.LamOrdTests";
				PRODUCT_NAME = "$(TARGET_NAME)";
				SWIFT_VERSION = 4.0;
				TARGETED_DEVICE_FAMILY = "1,2";
				TEST_HOST = "$(BUILT_PRODUCTS_DIR)/LamOrd.app/LamOrd";
			};
			name = Release;
		};
		2937E591211A1FE10053DB98 /* Debug */ = {
			isa = XCBuildConfiguration;
			buildSettings = {
				ALWAYS_EMBED_SWIFT_STANDARD_LIBRARIES = YES;
				CODE_SIGN_STYLE = Automatic;
				INFOPLIST_FILE = LamOrdUITests/Info.plist;
				LD_RUNPATH_SEARCH_PATHS = (
					"$(inherited)",
					"@executable_path/Frameworks",
					"@loader_path/Frameworks",
				);
				PRODUCT_BUNDLE_IDENTIFIER = "Lambda-Teknikk.LamOrdUITests";
				PRODUCT_NAME = "$(TARGET_NAME)";
				SWIFT_VERSION = 4.0;
				TARGETED_DEVICE_FAMILY = "1,2";
				TEST_TARGET_NAME = LamOrd;
			};
			name = Debug;
		};
		2937E592211A1FE10053DB98 /* Release */ = {
			isa = XCBuildConfiguration;
			buildSettings = {
				ALWAYS_EMBED_SWIFT_STANDARD_LIBRARIES = YES;
				CODE_SIGN_STYLE = Automatic;
				INFOPLIST_FILE = LamOrdUITests/Info.plist;
				LD_RUNPATH_SEARCH_PATHS = (
					"$(inherited)",
					"@executable_path/Frameworks",
					"@loader_path/Frameworks",
				);
				PRODUCT_BUNDLE_IDENTIFIER = "Lambda-Teknikk.LamOrdUITests";
				PRODUCT_NAME = "$(TARGET_NAME)";
				SWIFT_VERSION = 4.0;
				TARGETED_DEVICE_FAMILY = "1,2";
				TEST_TARGET_NAME = LamOrd;
			};
			name = Release;
		};
/* End XCBuildConfiguration section */

/* Begin XCConfigurationList section */
		2937E55D211A1FDF0053DB98 /* Build configuration list for PBXProject "LamOrd" */ = {
			isa = XCConfigurationList;
			buildConfigurations = (
				2937E588211A1FE10053DB98 /* Debug */,
				2937E589211A1FE10053DB98 /* Release */,
			);
			defaultConfigurationIsVisible = 0;
			defaultConfigurationName = Release;
		};
		2937E58A211A1FE10053DB98 /* Build configuration list for PBXNativeTarget "LamOrd" */ = {
			isa = XCConfigurationList;
			buildConfigurations = (
				2937E58B211A1FE10053DB98 /* Debug */,
				2937E58C211A1FE10053DB98 /* Release */,
			);
			defaultConfigurationIsVisible = 0;
			defaultConfigurationName = Release;
		};
		2937E58D211A1FE10053DB98 /* Build configuration list for PBXNativeTarget "LamOrdTests" */ = {
			isa = XCConfigurationList;
			buildConfigurations = (
				2937E58E211A1FE10053DB98 /* Debug */,
				2937E58F211A1FE10053DB98 /* Release */,
			);
			defaultConfigurationIsVisible = 0;
			defaultConfigurationName = Release;
		};
		2937E590211A1FE10053DB98 /* Build configuration list for PBXNativeTarget "LamOrdUITests" */ = {
			isa = XCConfigurationList;
			buildConfigurations = (
				2937E591211A1FE10053DB98 /* Debug */,
				2937E592211A1FE10053DB98 /* Release */,
			);
			defaultConfigurationIsVisible = 0;
			defaultConfigurationName = Release;
		};
/* End XCConfigurationList section */
	};
	rootObject = 2937E55A211A1FDF0053DB98 /* Project object */;
}
